
Microsoft Visual Studio Solution File, Format Version 12.00
# Visual Studio Version 17
VisualStudioVersion = 17.0.31903.59
MinimumVisualStudioVersion = 10.0.40219.1
Project("{2150E333-8FDC-42A3-9474-1A3956D46DE8}") = "GEstionReadify", "GEstionReadify", "{8ED8198F-64D8-7AF8-DFC6-17293644B339}"
EndProject
Project("{FAE04EC0-301F-11D3-BF4B-00C04F79EFBC}") = "GestionReadify", "GEstionReadify\GestionReadify.csproj", "{FDFE548D-5BD0-4D9D-B6FA-A1F5CB97ED55}"
EndProject
Project("{FAE04EC0-301F-11D3-BF4B-00C04F79EFBC}") = "GestionReadifyTest", "GestionReadifyTest\GestionReadifyTest.csproj", "{6E159EB7-0D4D-498C-AD6B-1C0F6BCDF2D5}"
EndProject
Global
	GlobalSection(SolutionConfigurationPlatforms) = preSolution
		Debug|Any CPU = Debug|Any CPU
		Debug|x64 = Debug|x64
		Debug|x86 = Debug|x86
		Release|Any CPU = Release|Any CPU
		Release|x64 = Release|x64
		Release|x86 = Release|x86
	EndGlobalSection
	GlobalSection(ProjectConfigurationPlatforms) = postSolution
		{FDFE548D-5BD0-4D9D-B6FA-A1F5CB97ED55}.Debug|Any CPU.ActiveCfg = Debug|Any CPU
		{FDFE548D-5BD0-4D9D-B6FA-A1F5CB97ED55}.Debug|Any CPU.Build.0 = Debug|Any CPU
		{FDFE548D-5BD0-4D9D-B6FA-A1F5CB97ED55}.Debug|x64.ActiveCfg = Debug|Any CPU
		{FDFE548D-5BD0-4D9D-B6FA-A1F5CB97ED55}.Debug|x64.Build.0 = Debug|Any CPU
		{FDFE548D-5BD0-4D9D-B6FA-A1F5CB97ED55}.Debug|x86.ActiveCfg = Debug|Any CPU
		{FDFE548D-5BD0-4D9D-B6FA-A1F5CB97ED55}.Debug|x86.Build.0 = Debug|Any CPU
		{FDFE548D-5BD0-4D9D-B6FA-A1F5CB97ED55}.Release|Any CPU.ActiveCfg = Release|Any CPU
		{FDFE548D-5BD0-4D9D-B6FA-A1F5CB97ED55}.Release|Any CPU.Build.0 = Release|Any CPU
		{FDFE548D-5BD0-4D9D-B6FA-A1F5CB97ED55}.Release|x64.ActiveCfg = Release|Any CPU
		{FDFE548D-5BD0-4D9D-B6FA-A1F5CB97ED55}.Release|x64.Build.0 = Release|Any CPU
		{FDFE548D-5BD0-4D9D-B6FA-A1F5CB97ED55}.Release|x86.ActiveCfg = Release|Any CPU
		{FDFE548D-5BD0-4D9D-B6FA-A1F5CB97ED55}.Release|x86.Build.0 = Release|Any CPU
		{6E159EB7-0D4D-498C-AD6B-1C0F6BCDF2D5}.Debug|Any CPU.ActiveCfg = Debug|Any CPU
		{6E159EB7-0D4D-498C-AD6B-1C0F6BCDF2D5}.Debug|Any CPU.Build.0 = Debug|Any CPU
		{6E159EB7-0D4D-498C-AD6B-1C0F6BCDF2D5}.Debug|x64.ActiveCfg = Debug|Any CPU
		{6E159EB7-0D4D-498C-AD6B-1C0F6BCDF2D5}.Debug|x64.Build.0 = Debug|Any CPU
		{6E159EB7-0D4D-498C-AD6B-1C0F6BCDF2D5}.Debug|x86.ActiveCfg = Debug|Any CPU
		{6E159EB7-0D4D-498C-AD6B-1C0F6BCDF2D5}.Debug|x86.Build.0 = Debug|Any CPU
		{6E159EB7-0D4D-498C-AD6B-1C0F6BCDF2D5}.Release|Any CPU.ActiveCfg = Release|Any CPU
		{6E159EB7-0D4D-498C-AD6B-1C0F6BCDF2D5}.Release|Any CPU.Build.0 = Release|Any CPU
		{6E159EB7-0D4D-498C-AD6B-1C0F6BCDF2D5}.Release|x64.ActiveCfg = Release|Any CPU
		{6E159EB7-0D4D-498C-AD6B-1C0F6BCDF2D5}.Release|x64.Build.0 = Release|Any CPU
		{6E159EB7-0D4D-498C-AD6B-1C0F6BCDF2D5}.Release|x86.ActiveCfg = Release|Any CPU
		{6E159EB7-0D4D-498C-AD6B-1C0F6BCDF2D5}.Release|x86.Build.0 = Release|Any CPU
	EndGlobalSection
	GlobalSection(SolutionProperties) = preSolution
		HideSolutionNode = FALSE
	EndGlobalSection
	GlobalSection(NestedProjects) = preSolution
		{FDFE548D-5BD0-4D9D-B6FA-A1F5CB97ED55} = {8ED8198F-64D8-7AF8-DFC6-17293644B339}
	EndGlobalSection
EndGlobal
